
Microsoft Visual Studio Solution File, Format Version 12.00
# Visual Studio Version 16
VisualStudioVersion = 16.0.29209.62
MinimumVisualStudioVersion = 10.0.40219.1
Project("{FAE04EC0-301F-11D3-BF4B-00C04F79EFBC}") = "FullTest.Api", "FullTest.Api\FullTest.Api.csproj", "{A8191BF0-AE7B-466A-92B2-A5650E98793F}"
EndProject
Project("{FAE04EC0-301F-11D3-BF4B-00C04F79EFBC}") = "FullTest.Api.Test", "FullTest.Api.Test\FullTest.Api.Test.csproj", "{76B89E19-B491-451F-93D7-9739DC5B7E3C}"
EndProject
Project("{FAE04EC0-301F-11D3-BF4B-00C04F79EFBC}") = "FullTest.Api.Endpoints", "FullTest.Api.Endpoints\FullTest.Api.Endpoints.csproj", "{B76821EF-58CE-431A-8FBE-366D7705CF34}"
EndProject
Global
	GlobalSection(SolutionConfigurationPlatforms) = preSolution
		Debug|Any CPU = Debug|Any CPU
		Release|Any CPU = Release|Any CPU
	EndGlobalSection
	GlobalSection(ProjectConfigurationPlatforms) = postSolution
		{A8191BF0-AE7B-466A-92B2-A5650E98793F}.Debug|Any CPU.ActiveCfg = Debug|Any CPU
		{A8191BF0-AE7B-466A-92B2-A5650E98793F}.Debug|Any CPU.Build.0 = Debug|Any CPU
		{A8191BF0-AE7B-466A-92B2-A5650E98793F}.Release|Any CPU.ActiveCfg = Release|Any CPU
		{A8191BF0-AE7B-466A-92B2-A5650E98793F}.Release|Any CPU.Build.0 = Release|Any CPU
		{76B89E19-B491-451F-93D7-9739DC5B7E3C}.Debug|Any CPU.ActiveCfg = Debug|Any CPU
		{76B89E19-B491-451F-93D7-9739DC5B7E3C}.Debug|Any CPU.Build.0 = Debug|Any CPU
		{76B89E19-B491-451F-93D7-9739DC5B7E3C}.Release|Any CPU.ActiveCfg = Release|Any CPU
		{76B89E19-B491-451F-93D7-9739DC5B7E3C}.Release|Any CPU.Build.0 = Release|Any CPU
		{B76821EF-58CE-431A-8FBE-366D7705CF34}.Debug|Any CPU.ActiveCfg = Debug|Any CPU
		{B76821EF-58CE-431A-8FBE-366D7705CF34}.Debug|Any CPU.Build.0 = Debug|Any CPU
		{B76821EF-58CE-431A-8FBE-366D7705CF34}.Release|Any CPU.ActiveCfg = Release|Any CPU
		{B76821EF-58CE-431A-8FBE-366D7705CF34}.Release|Any CPU.Build.0 = Release|Any CPU
	EndGlobalSection
	GlobalSection(SolutionProperties) = preSolution
		HideSolutionNode = FALSE
	EndGlobalSection
	GlobalSection(ExtensibilityGlobals) = postSolution
		SolutionGuid = {502687C8-A996-46D5-A891-DD8BA8AFE9A2}
	EndGlobalSection
EndGlobal
